
Microsoft Visual Studio Solution File, Format Version 12.00
# Visual Studio Version 17
VisualStudioVersion = 17.11.35327.3
MinimumVisualStudioVersion = 10.0.40219.1
Project("{FAE04EC0-301F-11D3-BF4B-00C04F79EFBC}") = "Cadastro de Ferramentas", "Cadastro de Ferramentas.csproj", "{254CF893-55EE-420B-B6C1-E266A45CA746}"
EndProject
Global
	GlobalSection(SolutionConfigurationPlatforms) = preSolution
		Debug|Any CPU = Debug|Any CPU
		Release|Any CPU = Release|Any CPU
	EndGlobalSection
	GlobalSection(ProjectConfigurationPlatforms) = postSolution
		{254CF893-55EE-420B-B6C1-E266A45CA746}.Debug|Any CPU.ActiveCfg = Debug|Any CPU
		{254CF893-55EE-420B-B6C1-E266A45CA746}.Debug|Any CPU.Build.0 = Debug|Any CPU
		{254CF893-55EE-420B-B6C1-E266A45CA746}.Release|Any CPU.ActiveCfg = Release|Any CPU
		{254CF893-55EE-420B-B6C1-E266A45CA746}.Release|Any CPU.Build.0 = Release|Any CPU
	EndGlobalSection
	GlobalSection(SolutionProperties) = preSolution
		HideSolutionNode = FALSE
	EndGlobalSection
	GlobalSection(ExtensibilityGlobals) = postSolution
		SolutionGuid = {19A77776-63B0-4D72-B215-880C18BD0685}
	EndGlobalSection
EndGlobal
